// !$*UTF8*$!
{
	archiveVersion = 1;
	classes = {
	};
	objectVersion = 51;
	objects = {

/* Begin PBXBuildFile section */
		09620FC43441AE3D1923B30B /* Pods_BaseInOne.framework in Frameworks */ = {isa = PBXBuildFile; fileRef = 210F0B0383F9D9D1B164F285 /* Pods_BaseInOne.framework */; };
		3344B567237E564B00A4D612 /* QSBaseViewController.m in Sources */ = {isa = PBXBuildFile; fileRef = 3344B565237E564B00A4D612 /* QSBaseViewController.m */; };
		3344B56D237E7B4F00A4D612 /* FSBaseTableView.m in Sources */ = {isa = PBXBuildFile; fileRef = 3344B56A237E7B4F00A4D612 /* FSBaseTableView.m */; };
		3344B56E237E7B4F00A4D612 /* QSBaseTableController.m in Sources */ = {isa = PBXBuildFile; fileRef = 3344B56B237E7B4F00A4D612 /* QSBaseTableController.m */; };
		3344B573237E7BA400A4D612 /* FSPaginateModel.m in Sources */ = {isa = PBXBuildFile; fileRef = 3344B570237E7BA400A4D612 /* FSPaginateModel.m */; };
		3344B574237E7BA400A4D612 /* FSExtraModel.m in Sources */ = {isa = PBXBuildFile; fileRef = 3344B571237E7BA400A4D612 /* FSExtraModel.m */; };
		3344B577237E81F100A4D612 /* FSBaseNavigationTabContainerController.m in Sources */ = {isa = PBXBuildFile; fileRef = 3344B575237E81F100A4D612 /* FSBaseNavigationTabContainerController.m */; };
		3344B57A237E84D600A4D612 /* FSBaseNavigationController.m in Sources */ = {isa = PBXBuildFile; fileRef = 3344B579237E84D600A4D612 /* FSBaseNavigationController.m */; };
		338E5437237C0BCA00EF314B /* AppDelegate.m in Sources */ = {isa = PBXBuildFile; fileRef = 338E5436237C0BCA00EF314B /* AppDelegate.m */; };
		338E543A237C0BCA00EF314B /* SceneDelegate.m in Sources */ = {isa = PBXBuildFile; fileRef = 338E5439237C0BCA00EF314B /* SceneDelegate.m */; };
		338E543D237C0BCA00EF314B /* ViewController.m in Sources */ = {isa = PBXBuildFile; fileRef = 338E543C237C0BCA00EF314B /* ViewController.m */; };
		338E5440237C0BCA00EF314B /* Main.storyboard in Resources */ = {isa = PBXBuildFile; fileRef = 338E543E237C0BCA00EF314B /* Main.storyboard */; };
		338E5442237C0BCC00EF314B /* Assets.xcassets in Resources */ = {isa = PBXBuildFile; fileRef = 338E5441237C0BCC00EF314B /* Assets.xcassets */; };
		338E5445237C0BCC00EF314B /* LaunchScreen.storyboard in Resources */ = {isa = PBXBuildFile; fileRef = 338E5443237C0BCC00EF314B /* LaunchScreen.storyboard */; };
		338E5448237C0BCC00EF314B /* main.m in Sources */ = {isa = PBXBuildFile; fileRef = 338E5447237C0BCC00EF314B /* main.m */; };
/* End PBXBuildFile section */

/* Begin PBXFileReference section */
		210F0B0383F9D9D1B164F285 /* Pods_BaseInOne.framework */ = {isa = PBXFileReference; explicitFileType = wrapper.framework; includeInIndex = 0; path = Pods_BaseInOne.framework; sourceTree = BUILT_PRODUCTS_DIR; };
		3344B565237E564B00A4D612 /* QSBaseViewController.m */ = {isa = PBXFileReference; fileEncoding = 4; lastKnownFileType = sourcecode.c.objc; path = QSBaseViewController.m; sourceTree = "<group>"; };
		3344B566237E564B00A4D612 /* QSBaseViewController.h */ = {isa = PBXFileReference; fileEncoding = 4; lastKnownFileType = sourcecode.c.h; path = QSBaseViewController.h; sourceTree = "<group>"; };
		3344B569237E7B4E00A4D612 /* FSBaseTableView.h */ = {isa = PBXFileReference; fileEncoding = 4; lastKnownFileType = sourcecode.c.h; path = FSBaseTableView.h; sourceTree = "<group>"; };
		3344B56A237E7B4F00A4D612 /* FSBaseTableView.m */ = {isa = PBXFileReference; fileEncoding = 4; lastKnownFileType = sourcecode.c.objc; path = FSBaseTableView.m; sourceTree = "<group>"; };
		3344B56B237E7B4F00A4D612 /* QSBaseTableController.m */ = {isa = PBXFileReference; fileEncoding = 4; lastKnownFileType = sourcecode.c.objc; path = QSBaseTableController.m; sourceTree = "<group>"; };
		3344B56C237E7B4F00A4D612 /* QSBaseTableController.h */ = {isa = PBXFileReference; fileEncoding = 4; lastKnownFileType = sourcecode.c.h; path = QSBaseTableController.h; sourceTree = "<group>"; };
		3344B56F237E7BA400A4D612 /* FSExtraModel.h */ = {isa = PBXFileReference; fileEncoding = 4; lastKnownFileType = sourcecode.c.h; path = FSExtraModel.h; sourceTree = "<group>"; };
		3344B570237E7BA400A4D612 /* FSPaginateModel.m */ = {isa = PBXFileReference; fileEncoding = 4; lastKnownFileType = sourcecode.c.objc; path = FSPaginateModel.m; sourceTree = "<group>"; };
		3344B571237E7BA400A4D612 /* FSExtraModel.m */ = {isa = PBXFileReference; fileEncoding = 4; lastKnownFileType = sourcecode.c.objc; path = FSExtraModel.m; sourceTree = "<group>"; };
		3344B572237E7BA400A4D612 /* FSPaginateModel.h */ = {isa = PBXFileReference; fileEncoding = 4; lastKnownFileType = sourcecode.c.h; path = FSPaginateModel.h; sourceTree = "<group>"; };
		3344B575237E81F100A4D612 /* FSBaseNavigationTabContainerController.m */ = {isa = PBXFileReference; fileEncoding = 4; lastKnownFileType = sourcecode.c.objc; path = FSBaseNavigationTabContainerController.m; sourceTree = "<group>"; };
		3344B576237E81F100A4D612 /* FSBaseNavigationTabContainerController.h */ = {isa = PBXFileReference; fileEncoding = 4; lastKnownFileType = sourcecode.c.h; path = FSBaseNavigationTabContainerController.h; sourceTree = "<group>"; };
		3344B578237E84D600A4D612 /* FSBaseNavigationController.h */ = {isa = PBXFileReference; fileEncoding = 4; lastKnownFileType = sourcecode.c.h; path = FSBaseNavigationController.h; sourceTree = "<group>"; };
		3344B579237E84D600A4D612 /* FSBaseNavigationController.m */ = {isa = PBXFileReference; fileEncoding = 4; lastKnownFileType = sourcecode.c.objc; path = FSBaseNavigationController.m; sourceTree = "<group>"; };
		338E5432237C0BCA00EF314B /* BaseInOne.app */ = {isa = PBXFileReference; explicitFileType = wrapper.application; includeInIndex = 0; path = BaseInOne.app; sourceTree = BUILT_PRODUCTS_DIR; };
		338E5435237C0BCA00EF314B /* AppDelegate.h */ = {isa = PBXFileReference; lastKnownFileType = sourcecode.c.h; path = AppDelegate.h; sourceTree = "<group>"; };
		338E5436237C0BCA00EF314B /* AppDelegate.m */ = {isa = PBXFileReference; lastKnownFileType = sourcecode.c.objc; path = AppDelegate.m; sourceTree = "<group>"; };
		338E5438237C0BCA00EF314B /* SceneDelegate.h */ = {isa = PBXFileReference; lastKnownFileType = sourcecode.c.h; path = SceneDelegate.h; sourceTree = "<group>"; };
		338E5439237C0BCA00EF314B /* SceneDelegate.m */ = {isa = PBXFileReference; lastKnownFileType = sourcecode.c.objc; path = SceneDelegate.m; sourceTree = "<group>"; };
		338E543B237C0BCA00EF314B /* ViewController.h */ = {isa = PBXFileReference; lastKnownFileType = sourcecode.c.h; path = ViewController.h; sourceTree = "<group>"; };
		338E543C237C0BCA00EF314B /* ViewController.m */ = {isa = PBXFileReference; lastKnownFileType = sourcecode.c.objc; path = ViewController.m; sourceTree = "<group>"; };
		338E543F237C0BCA00EF314B /* Base */ = {isa = PBXFileReference; lastKnownFileType = file.storyboard; name = Base; path = Base.lproj/Main.storyboard; sourceTree = "<group>"; };
		338E5441237C0BCC00EF314B /* Assets.xcassets */ = {isa = PBXFileReference; lastKnownFileType = folder.assetcatalog; path = Assets.xcassets; sourceTree = "<group>"; };
		338E5444237C0BCC00EF314B /* Base */ = {isa = PBXFileReference; lastKnownFileType = file.storyboard; name = Base; path = Base.lproj/LaunchScreen.storyboard; sourceTree = "<group>"; };
		338E5446237C0BCC00EF314B /* Info.plist */ = {isa = PBXFileReference; lastKnownFileType = text.plist.xml; path = Info.plist; sourceTree = "<group>"; };
		338E5447237C0BCC00EF314B /* main.m */ = {isa = PBXFileReference; lastKnownFileType = sourcecode.c.objc; path = main.m; sourceTree = "<group>"; };
		EA504DD2A397660855AF4553 /* Pods-BaseInOne.release.xcconfig */ = {isa = PBXFileReference; includeInIndex = 1; lastKnownFileType = text.xcconfig; name = "Pods-BaseInOne.release.xcconfig"; path = "Target Support Files/Pods-BaseInOne/Pods-BaseInOne.release.xcconfig"; sourceTree = "<group>"; };
		EFCF37869EB343A133E6F14C /* Pods-BaseInOne.debug.xcconfig */ = {isa = PBXFileReference; includeInIndex = 1; lastKnownFileType = text.xcconfig; name = "Pods-BaseInOne.debug.xcconfig"; path = "Target Support Files/Pods-BaseInOne/Pods-BaseInOne.debug.xcconfig"; sourceTree = "<group>"; };
/* End PBXFileReference section */

/* Begin PBXFrameworksBuildPhase section */
		338E542F237C0BCA00EF314B /* Frameworks */ = {
			isa = PBXFrameworksBuildPhase;
			buildActionMask = 2147483647;
			files = (
				09620FC43441AE3D1923B30B /* Pods_BaseInOne.framework in Frameworks */,
			);
			runOnlyForDeploymentPostprocessing = 0;
		};
/* End PBXFrameworksBuildPhase section */

/* Begin PBXGroup section */
		3344B561237E53FD00A4D612 /* Base */ = {
			isa = PBXGroup;
			children = (
				3344B566237E564B00A4D612 /* QSBaseViewController.h */,
				3344B565237E564B00A4D612 /* QSBaseViewController.m */,
				3344B569237E7B4E00A4D612 /* FSBaseTableView.h */,
				3344B56A237E7B4F00A4D612 /* FSBaseTableView.m */,
				3344B56C237E7B4F00A4D612 /* QSBaseTableController.h */,
				3344B56B237E7B4F00A4D612 /* QSBaseTableController.m */,
				3344B56F237E7BA400A4D612 /* FSExtraModel.h */,
				3344B571237E7BA400A4D612 /* FSExtraModel.m */,
				3344B572237E7BA400A4D612 /* FSPaginateModel.h */,
				3344B570237E7BA400A4D612 /* FSPaginateModel.m */,
				3344B576237E81F100A4D612 /* FSBaseNavigationTabContainerController.h */,
				3344B575237E81F100A4D612 /* FSBaseNavigationTabContainerController.m */,
				3344B578237E84D600A4D612 /* FSBaseNavigationController.h */,
				3344B579237E84D600A4D612 /* FSBaseNavigationController.m */,
			);
			path = Base;
			sourceTree = "<group>";
		};
		338E5429237C0BCA00EF314B = {
			isa = PBXGroup;
			children = (
				338E5434237C0BCA00EF314B /* BaseInOne */,
				338E5433237C0BCA00EF314B /* Products */,
				5ABB4F2C933396F68DA69DD4 /* Pods */,
				FB9865E5E45DC233417487EA /* Frameworks */,
			);
			sourceTree = "<group>";
		};
		338E5433237C0BCA00EF314B /* Products */ = {
			isa = PBXGroup;
			children = (
				338E5432237C0BCA00EF314B /* BaseInOne.app */,
			);
			name = Products;
			sourceTree = "<group>";
		};
		338E5434237C0BCA00EF314B /* BaseInOne */ = {
			isa = PBXGroup;
			children = (
				3344B561237E53FD00A4D612 /* Base */,
				338E5435237C0BCA00EF314B /* AppDelegate.h */,
				338E5436237C0BCA00EF314B /* AppDelegate.m */,
				338E5438237C0BCA00EF314B /* SceneDelegate.h */,
				338E5439237C0BCA00EF314B /* SceneDelegate.m */,
				338E543B237C0BCA00EF314B /* ViewController.h */,
				338E543C237C0BCA00EF314B /* ViewController.m */,
				338E543E237C0BCA00EF314B /* Main.storyboard */,
				338E5441237C0BCC00EF314B /* Assets.xcassets */,
				338E5443237C0BCC00EF314B /* LaunchScreen.storyboard */,
				338E5446237C0BCC00EF314B /* Info.plist */,
				338E5447237C0BCC00EF314B /* main.m */,
			);
			path = BaseInOne;
			sourceTree = "<group>";
		};
		5ABB4F2C933396F68DA69DD4 /* Pods */ = {
			isa = PBXGroup;
			children = (
				EFCF37869EB343A133E6F14C /* Pods-BaseInOne.debug.xcconfig */,
				EA504DD2A397660855AF4553 /* Pods-BaseInOne.release.xcconfig */,
			);
			path = Pods;
			sourceTree = "<group>";
		};
		FB9865E5E45DC233417487EA /* Frameworks */ = {
			isa = PBXGroup;
			children = (
				210F0B0383F9D9D1B164F285 /* Pods_BaseInOne.framework */,
			);
			name = Frameworks;
			sourceTree = "<group>";
		};
/* End PBXGroup section */

/* Begin PBXNativeTarget section */
		338E5431237C0BCA00EF314B /* BaseInOne */ = {
			isa = PBXNativeTarget;
			buildConfigurationList = 338E544B237C0BCC00EF314B /* Build configuration list for PBXNativeTarget "BaseInOne" */;
			buildPhases = (
				4485408B69D4E95D8E18062C /* [CP] Check Pods Manifest.lock */,
				338E542E237C0BCA00EF314B /* Sources */,
				338E542F237C0BCA00EF314B /* Frameworks */,
				338E5430237C0BCA00EF314B /* Resources */,
				07BA44BF2A5FFDC8274BC10A /* [CP] Embed Pods Frameworks */,
			);
			buildRules = (
			);
			dependencies = (
			);
			name = BaseInOne;
			productName = BaseInOne;
			productReference = 338E5432237C0BCA00EF314B /* BaseInOne.app */;
			productType = "com.apple.product-type.application";
		};
/* End PBXNativeTarget section */

/* Begin PBXProject section */
		338E542A237C0BCA00EF314B /* Project object */ = {
			isa = PBXProject;
			attributes = {
				LastUpgradeCheck = 1120;
				ORGANIZATIONNAME = jason;
				TargetAttributes = {
					338E5431237C0BCA00EF314B = {
						CreatedOnToolsVersion = 11.2.1;
					};
				};
			};
			buildConfigurationList = 338E542D237C0BCA00EF314B /* Build configuration list for PBXProject "BaseInOne" */;
			compatibilityVersion = "Xcode 9.3";
			developmentRegion = en;
			hasScannedForEncodings = 0;
			knownRegions = (
				en,
				Base,
			);
			mainGroup = 338E5429237C0BCA00EF314B;
			productRefGroup = 338E5433237C0BCA00EF314B /* Products */;
			projectDirPath = "";
			projectRoot = "";
			targets = (
				338E5431237C0BCA00EF314B /* BaseInOne */,
			);
		};
/* End PBXProject section */

/* Begin PBXResourcesBuildPhase section */
		338E5430237C0BCA00EF314B /* Resources */ = {
			isa = PBXResourcesBuildPhase;
			buildActionMask = 2147483647;
			files = (
				338E5445237C0BCC00EF314B /* LaunchScreen.storyboard in Resources */,
				338E5442237C0BCC00EF314B /* Assets.xcassets in Resources */,
				338E5440237C0BCA00EF314B /* Main.storyboard in Resources */,
			);
			runOnlyForDeploymentPostprocessing = 0;
		};
/* End PBXResourcesBuildPhase section */

/* Begin PBXShellScriptBuildPhase section */
		07BA44BF2A5FFDC8274BC10A /* [CP] Embed Pods Frameworks */ = {
			isa = PBXShellScriptBuildPhase;
			buildActionMask = 2147483647;
			files = (
			);
			inputFileListPaths = (
				"${PODS_ROOT}/Target Support Files/Pods-BaseInOne/Pods-BaseInOne-frameworks-${CONFIGURATION}-input-files.xcfilelist",
			);
			name = "[CP] Embed Pods Frameworks";
			outputFileListPaths = (
				"${PODS_ROOT}/Target Support Files/Pods-BaseInOne/Pods-BaseInOne-frameworks-${CONFIGURATION}-output-files.xcfilelist",
			);
			runOnlyForDeploymentPostprocessing = 0;
			shellPath = /bin/sh;
			shellScript = "\"${PODS_ROOT}/Target Support Files/Pods-BaseInOne/Pods-BaseInOne-frameworks.sh\"\n";
			showEnvVarsInLog = 0;
		};
		4485408B69D4E95D8E18062C /* [CP] Check Pods Manifest.lock */ = {
			isa = PBXShellScriptBuildPhase;
			buildActionMask = 2147483647;
			files = (
			);
			inputFileListPaths = (
			);
			inputPaths = (
				"${PODS_PODFILE_DIR_PATH}/Podfile.lock",
				"${PODS_ROOT}/Manifest.lock",
			);
			name = "[CP] Check Pods Manifest.lock";
			outputFileListPaths = (
			);
			outputPaths = (
				"$(DERIVED_FILE_DIR)/Pods-BaseInOne-checkManifestLockResult.txt",
			);
			runOnlyForDeploymentPostprocessing = 0;
			shellPath = /bin/sh;
			shellScript = "diff \"${PODS_PODFILE_DIR_PATH}/Podfile.lock\" \"${PODS_ROOT}/Manifest.lock\" > /dev/null\nif [ $? != 0 ] ; then\n    # print error to STDERR\n    echo \"error: The sandbox is not in sync with the Podfile.lock. Run 'pod install' or update your CocoaPods installation.\" >&2\n    exit 1\nfi\n# This output is used by Xcode 'outputs' to avoid re-running this script phase.\necho \"SUCCESS\" > \"${SCRIPT_OUTPUT_FILE_0}\"\n";
			showEnvVarsInLog = 0;
		};
/* End PBXShellScriptBuildPhase section */

/* Begin PBXSourcesBuildPhase section */
		338E542E237C0BCA00EF314B /* Sources */ = {
			isa = PBXSourcesBuildPhase;
			buildActionMask = 2147483647;
			files = (
				338E543D237C0BCA00EF314B /* ViewController.m in Sources */,
				3344B56D237E7B4F00A4D612 /* FSBaseTableView.m in Sources */,
				3344B567237E564B00A4D612 /* QSBaseViewController.m in Sources */,
				3344B577237E81F100A4D612 /* FSBaseNavigationTabContainerController.m in Sources */,
				338E5437237C0BCA00EF314B /* AppDelegate.m in Sources */,
				3344B56E237E7B4F00A4D612 /* QSBaseTableController.m in Sources */,
				338E5448237C0BCC00EF314B /* main.m in Sources */,
				3344B57A237E84D600A4D612 /* FSBaseNavigationController.m in Sources */,
				338E543A237C0BCA00EF314B /* SceneDelegate.m in Sources */,
				3344B573237E7BA400A4D612 /* FSPaginateModel.m in Sources */,
				3344B574237E7BA400A4D612 /* FSExtraModel.m in Sources */,
			);
			runOnlyForDeploymentPostprocessing = 0;
		};
/* End PBXSourcesBuildPhase section */

/* Begin PBXVariantGroup section */
		338E543E237C0BCA00EF314B /* Main.storyboard */ = {
			isa = PBXVariantGroup;
			children = (
				338E543F237C0BCA00EF314B /* Base */,
			);
			name = Main.storyboard;
			sourceTree = "<group>";
		};
		338E5443237C0BCC00EF314B /* LaunchScreen.storyboard */ = {
			isa = PBXVariantGroup;
			children = (
				338E5444237C0BCC00EF314B /* Base */,
			);
			name = LaunchScreen.storyboard;
			sourceTree = "<group>";
		};
/* End PBXVariantGroup section */

/* Begin XCBuildConfiguration section */
		338E5449237C0BCC00EF314B /* Debug */ = {
			isa = XCBuildConfiguration;
			buildSettings = {
				ALWAYS_SEARCH_USER_PATHS = NO;
				CLANG_ANALYZER_NONNULL = YES;
				CLANG_ANALYZER_NUMBER_OBJECT_CONVERSION = YES_AGGRESSIVE;
				CLANG_CXX_LANGUAGE_STANDARD = "gnu++14";
				CLANG_CXX_LIBRARY = "libc++";
				CLANG_ENABLE_MODULES = YES;
				CLANG_ENABLE_OBJC_ARC = YES;
				CLANG_ENABLE_OBJC_WEAK = YES;
				CLANG_WARN_BLOCK_CAPTURE_AUTORELEASING = YES;
				CLANG_WARN_BOOL_CONVERSION = YES;
				CLANG_WARN_COMMA = YES;
				CLANG_WARN_CONSTANT_CONVERSION = YES;
				CLANG_WARN_DEPRECATED_OBJC_IMPLEMENTATIONS = YES;
				CLANG_WARN_DIRECT_OBJC_ISA_USAGE = YES_ERROR;
				CLANG_WARN_DOCUMENTATION_COMMENTS = YES;
				CLANG_WARN_EMPTY_BODY = YES;
				CLANG_WARN_ENUM_CONVERSION = YES;
				CLANG_WARN_INFINITE_RECURSION = YES;
				CLANG_WARN_INT_CONVERSION = YES;
				CLANG_WARN_NON_LITERAL_NULL_CONVERSION = YES;
				CLANG_WARN_OBJC_IMPLICIT_RETAIN_SELF = YES;
				CLANG_WARN_OBJC_LITERAL_CONVERSION = YES;
				CLANG_WARN_OBJC_ROOT_CLASS = YES_ERROR;
				CLANG_WARN_RANGE_LOOP_ANALYSIS = YES;
				CLANG_WARN_STRICT_PROTOTYPES = YES;
				CLANG_WARN_SUSPICIOUS_MOVE = YES;
				CLANG_WARN_UNGUARDED_AVAILABILITY = YES_AGGRESSIVE;
				CLANG_WARN_UNREACHABLE_CODE = YES;
				CLANG_WARN__DUPLICATE_METHOD_MATCH = YES;
				COPY_PHASE_STRIP = NO;
				DEBUG_INFORMATION_FORMAT = dwarf;
				ENABLE_STRICT_OBJC_MSGSEND = YES;
				ENABLE_TESTABILITY = YES;
				GCC_C_LANGUAGE_STANDARD = gnu11;
				GCC_DYNAMIC_NO_PIC = NO;
				GCC_NO_COMMON_BLOCKS = YES;
				GCC_OPTIMIZATION_LEVEL = 0;
				GCC_PREPROCESSOR_DEFINITIONS = (
					"DEBUG=1",
					"$(inherited)",
				);
				GCC_WARN_64_TO_32_BIT_CONVERSION = YES;
				GCC_WARN_ABOUT_RETURN_TYPE = YES_ERROR;
				GCC_WARN_UNDECLARED_SELECTOR = YES;
				GCC_WARN_UNINITIALIZED_AUTOS = YES_AGGRESSIVE;
				GCC_WARN_UNUSED_FUNCTION = YES;
				GCC_WARN_UNUSED_VARIABLE = YES;
				IPHONEOS_DEPLOYMENT_TARGET = 13.2;
				MTL_ENABLE_DEBUG_INFO = INCLUDE_SOURCE;
				MTL_FAST_MATH = YES;
				ONLY_ACTIVE_ARCH = YES;
				SDKROOT = iphoneos;
			};
			name = Debug;
		};
		338E544A237C0BCC00EF314B /* Release */ = {
			isa = XCBuildConfiguration;
			buildSettings = {
				ALWAYS_SEARCH_USER_PATHS = NO;
				CLANG_ANALYZER_NONNULL = YES;
				CLANG_ANALYZER_NUMBER_OBJECT_CONVERSION = YES_AGGRESSIVE;
				CLANG_CXX_LANGUAGE_STANDARD = "gnu++14";
				CLANG_CXX_LIBRARY = "libc++";
				CLANG_ENABLE_MODULES = YES;
				CLANG_ENABLE_OBJC_ARC = YES;
				CLANG_ENABLE_OBJC_WEAK = YES;
				CLANG_WARN_BLOCK_CAPTURE_AUTORELEASING = YES;
				CLANG_WARN_BOOL_CONVERSION = YES;
				CLANG_WARN_COMMA = YES;
				CLANG_WARN_CONSTANT_CONVERSION = YES;
				CLANG_WARN_DEPRECATED_OBJC_IMPLEMENTATIONS = YES;
				CLANG_WARN_DIRECT_OBJC_ISA_USAGE = YES_ERROR;
				CLANG_WARN_DOCUMENTATION_COMMENTS = YES;
				CLANG_WARN_EMPTY_BODY = YES;
				CLANG_WARN_ENUM_CONVERSION = YES;
				CLANG_WARN_INFINITE_RECURSION = YES;
				CLANG_WARN_INT_CONVERSION = YES;
				CLANG_WARN_NON_LITERAL_NULL_CONVERSION = YES;
				CLANG_WARN_OBJC_IMPLICIT_RETAIN_SELF = YES;
				CLANG_WARN_OBJC_LITERAL_CONVERSION = YES;
				CLANG_WARN_OBJC_ROOT_CLASS = YES_ERROR;
				CLANG_WARN_RANGE_LOOP_ANALYSIS = YES;
				CLANG_WARN_STRICT_PROTOTYPES = YES;
				CLANG_WARN_SUSPICIOUS_MOVE = YES;
				CLANG_WARN_UNGUARDED_AVAILABILITY = YES_AGGRESSIVE;
				CLANG_WARN_UNREACHABLE_CODE = YES;
				CLANG_WARN__DUPLICATE_METHOD_MATCH = YES;
				COPY_PHASE_STRIP = NO;
				DEBUG_INFORMATION_FORMAT = "dwarf-with-dsym";
				ENABLE_NS_ASSERTIONS = NO;
				ENABLE_STRICT_OBJC_MSGSEND = YES;
				GCC_C_LANGUAGE_STANDARD = gnu11;
				GCC_NO_COMMON_BLOCKS = YES;
				GCC_WARN_64_TO_32_BIT_CONVERSION = YES;
				GCC_WARN_ABOUT_RETURN_TYPE = YES_ERROR;
				GCC_WARN_UNDECLARED_SELECTOR = YES;
				GCC_WARN_UNINITIALIZED_AUTOS = YES_AGGRESSIVE;
				GCC_WARN_UNUSED_FUNCTION = YES;
				GCC_WARN_UNUSED_VARIABLE = YES;
				IPHONEOS_DEPLOYMENT_TARGET = 13.2;
				MTL_ENABLE_DEBUG_INFO = NO;
				MTL_FAST_MATH = YES;
				SDKROOT = iphoneos;
				VALIDATE_PRODUCT = YES;
			};
			name = Release;
		};
		338E544C237C0BCC00EF314B /* Debug */ = {
			isa = XCBuildConfiguration;
			baseConfigurationReference = EFCF37869EB343A133E6F14C /* Pods-BaseInOne.debug.xcconfig */;
			buildSettings = {
				ASSETCATALOG_COMPILER_APPICON_NAME = AppIcon;
				CODE_SIGN_STYLE = Automatic;
				DEVELOPMENT_TEAM = DH554UJ63T;
				INFOPLIST_FILE = BaseInOne/Info.plist;
				LD_RUNPATH_SEARCH_PATHS = (
					"$(inherited)",
					"@executable_path/Frameworks",
				);
				PRODUCT_BUNDLE_IDENTIFIER = "jason-s.BaseInOne";
				PRODUCT_NAME = "$(TARGET_NAME)";
				TARGETED_DEVICE_FAMILY = "1,2";
			};
			name = Debug;
		};
		338E544D237C0BCC00EF314B /* Release */ = {
			isa = XCBuildConfiguration;
			baseConfigurationReference = EA504DD2A397660855AF4553 /* Pods-BaseInOne.release.xcconfig */;
			buildSettings = {
				ASSETCATALOG_COMPILER_APPICON_NAME = AppIcon;
				CODE_SIGN_STYLE = Automatic;
				DEVELOPMENT_TEAM = DH554UJ63T;
				INFOPLIST_FILE = BaseInOne/Info.plist;
				LD_RUNPATH_SEARCH_PATHS = (
					"$(inherited)",
					"@executable_path/Frameworks",
				);
				PRODUCT_BUNDLE_IDENTIFIER = "jason-s.BaseInOne";
				PRODUCT_NAME = "$(TARGET_NAME)";
				TARGETED_DEVICE_FAMILY = "1,2";
			};
			name = Release;
		};
/* End XCBuildConfiguration section */

/* Begin XCConfigurationList section */
		338E542D237C0BCA00EF314B /* Build configuration list for PBXProject "BaseInOne" */ = {
			isa = XCConfigurationList;
			buildConfigurations = (
				338E5449237C0BCC00EF314B /* Debug */,
				338E544A237C0BCC00EF314B /* Release */,
			);
			defaultConfigurationIsVisible = 0;
			defaultConfigurationName = Release;
		};
		338E544B237C0BCC00EF314B /* Build configuration list for PBXNativeTarget "BaseInOne" */ = {
			isa = XCConfigurationList;
			buildConfigurations = (
				338E544C237C0BCC00EF314B /* Debug */,
				338E544D237C0BCC00EF314B /* Release */,
			);
			defaultConfigurationIsVisible = 0;
			defaultConfigurationName = Release;
		};
/* End XCConfigurationList section */
	};
	rootObject = 338E542A237C0BCA00EF314B /* Project object */;
}
